
Microsoft Visual Studio Solution File, Format Version 12.00
# Visual Studio 2013
VisualStudioVersion = 12.0.30110.0
MinimumVisualStudioVersion = 10.0.40219.1
Project("{FAE04EC0-301F-11D3-BF4B-00C04F79EFBC}") = "TeamBuildTray", "TeamBuildTray\TeamBuildTray.csproj", "{FF7493B5-DBF7-47C3-91A3-EE1B2DAAAC45}"
EndProject
Project("{930C7802-8A8C-48F9-8165-68863BCCD9DD}") = "TeamBuildTrayInstaller", "TeamBuildTrayInstaller\TeamBuildTrayInstaller.wixproj", "{0825DB08-38DD-4767-A6B5-8BD67B4720D5}"
EndProject
Project("{930C7802-8A8C-48F9-8165-68863BCCD9DD}") = "TeamBuildTrayInstallerExecutable", "TeamBuildTrayInstallerExecutable\TeamBuildTrayInstallerExecutable.wixproj", "{BD48D4A1-91BA-4443-9956-A4C221E72649}"
EndProject
Global
	GlobalSection(SolutionConfigurationPlatforms) = preSolution
		Debug|Any CPU = Debug|Any CPU
		Debug|Mixed Platforms = Debug|Mixed Platforms
		Debug|x86 = Debug|x86
		Release|Any CPU = Release|Any CPU
		Release|Mixed Platforms = Release|Mixed Platforms
		Release|x86 = Release|x86
	EndGlobalSection
	GlobalSection(ProjectConfigurationPlatforms) = postSolution
		{FF7493B5-DBF7-47C3-91A3-EE1B2DAAAC45}.Debug|Any CPU.ActiveCfg = Debug|Any CPU
		{FF7493B5-DBF7-47C3-91A3-EE1B2DAAAC45}.Debug|Any CPU.Build.0 = Debug|Any CPU
		{FF7493B5-DBF7-47C3-91A3-EE1B2DAAAC45}.Debug|Mixed Platforms.ActiveCfg = Debug|Any CPU
		{FF7493B5-DBF7-47C3-91A3-EE1B2DAAAC45}.Debug|Mixed Platforms.Build.0 = Debug|Any CPU
		{FF7493B5-DBF7-47C3-91A3-EE1B2DAAAC45}.Debug|x86.ActiveCfg = Debug|Any CPU
		{FF7493B5-DBF7-47C3-91A3-EE1B2DAAAC45}.Release|Any CPU.ActiveCfg = Release|Any CPU
		{FF7493B5-DBF7-47C3-91A3-EE1B2DAAAC45}.Release|Any CPU.Build.0 = Release|Any CPU
		{FF7493B5-DBF7-47C3-91A3-EE1B2DAAAC45}.Release|Mixed Platforms.ActiveCfg = Release|Any CPU
		{FF7493B5-DBF7-47C3-91A3-EE1B2DAAAC45}.Release|Mixed Platforms.Build.0 = Release|Any CPU
		{FF7493B5-DBF7-47C3-91A3-EE1B2DAAAC45}.Release|x86.ActiveCfg = Release|Any CPU
		{0825DB08-38DD-4767-A6B5-8BD67B4720D5}.Debug|Any CPU.ActiveCfg = Debug|x86
		{0825DB08-38DD-4767-A6B5-8BD67B4720D5}.Debug|Mixed Platforms.ActiveCfg = Debug|x86
		{0825DB08-38DD-4767-A6B5-8BD67B4720D5}.Debug|Mixed Platforms.Build.0 = Debug|x86
		{0825DB08-38DD-4767-A6B5-8BD67B4720D5}.Debug|x86.ActiveCfg = Debug|x86
		{0825DB08-38DD-4767-A6B5-8BD67B4720D5}.Debug|x86.Build.0 = Debug|x86
		{0825DB08-38DD-4767-A6B5-8BD67B4720D5}.Release|Any CPU.ActiveCfg = Release|x86
		{0825DB08-38DD-4767-A6B5-8BD67B4720D5}.Release|Mixed Platforms.ActiveCfg = Release|x86
		{0825DB08-38DD-4767-A6B5-8BD67B4720D5}.Release|Mixed Platforms.Build.0 = Release|x86
		{0825DB08-38DD-4767-A6B5-8BD67B4720D5}.Release|x86.ActiveCfg = Release|x86
		{0825DB08-38DD-4767-A6B5-8BD67B4720D5}.Release|x86.Build.0 = Release|x86
		{BD48D4A1-91BA-4443-9956-A4C221E72649}.Debug|Any CPU.ActiveCfg = Debug|x86
		{BD48D4A1-91BA-4443-9956-A4C221E72649}.Debug|Mixed Platforms.ActiveCfg = Debug|x86
		{BD48D4A1-91BA-4443-9956-A4C221E72649}.Debug|Mixed Platforms.Build.0 = Debug|x86
		{BD48D4A1-91BA-4443-9956-A4C221E72649}.Debug|x86.ActiveCfg = Debug|x86
		{BD48D4A1-91BA-4443-9956-A4C221E72649}.Debug|x86.Build.0 = Debug|x86
		{BD48D4A1-91BA-4443-9956-A4C221E72649}.Release|Any CPU.ActiveCfg = Release|x86
		{BD48D4A1-91BA-4443-9956-A4C221E72649}.Release|Mixed Platforms.ActiveCfg = Release|x86
		{BD48D4A1-91BA-4443-9956-A4C221E72649}.Release|Mixed Platforms.Build.0 = Release|x86
		{BD48D4A1-91BA-4443-9956-A4C221E72649}.Release|x86.ActiveCfg = Release|x86
		{BD48D4A1-91BA-4443-9956-A4C221E72649}.Release|x86.Build.0 = Release|x86
	EndGlobalSection
	GlobalSection(SolutionProperties) = preSolution
		HideSolutionNode = FALSE
	EndGlobalSection
EndGlobal
